
Microsoft Visual Studio Solution File, Format Version 12.00
# Visual Studio Version 17
VisualStudioVersion = 17.11.35222.181
MinimumVisualStudioVersion = 10.0.40219.1
Project("{FAE04EC0-301F-11D3-BF4B-00C04F79EFBC}") = "KoiCareSystemAtHome-App", "KoiCareSystemAtHome-App\KoiCareSystemAtHome-App.csproj", "{0FBF1773-A0A1-4D3B-87B6-DDDAFEE71056}"
EndProject
Global
	GlobalSection(SolutionConfigurationPlatforms) = preSolution
		Debug|Any CPU = Debug|Any CPU
		Release|Any CPU = Release|Any CPU
	EndGlobalSection
	GlobalSection(ProjectConfigurationPlatforms) = postSolution
		{0FBF1773-A0A1-4D3B-87B6-DDDAFEE71056}.Debug|Any CPU.ActiveCfg = Debug|Any CPU
		{0FBF1773-A0A1-4D3B-87B6-DDDAFEE71056}.Debug|Any CPU.Build.0 = Debug|Any CPU
		{0FBF1773-A0A1-4D3B-87B6-DDDAFEE71056}.Release|Any CPU.ActiveCfg = Release|Any CPU
		{0FBF1773-A0A1-4D3B-87B6-DDDAFEE71056}.Release|Any CPU.Build.0 = Release|Any CPU
	EndGlobalSection
	GlobalSection(SolutionProperties) = preSolution
		HideSolutionNode = FALSE
	EndGlobalSection
	GlobalSection(ExtensibilityGlobals) = postSolution
		SolutionGuid = {1F591205-28FF-44BF-AC62-05845A2A7B1E}
	EndGlobalSection
EndGlobal
